
Microsoft Visual Studio Solution File, Format Version 12.00
# Visual Studio Version 17
VisualStudioVersion = 17.3.32929.385
MinimumVisualStudioVersion = 10.0.40219.1
Project("{FAE04EC0-301F-11D3-BF4B-00C04F79EFBC}") = "Minesweeper_Client", "Mineweeper_Client\Minesweeper_Client.csproj", "{DD30193C-602D-4750-A2BC-4093014531A9}"
EndProject
Project("{FAE04EC0-301F-11D3-BF4B-00C04F79EFBC}") = "SERVER", "SERVER\SERVER.csproj", "{B199613C-73F4-43A0-949C-48BCFC7A9C4C}"
EndProject
Project("{FAE04EC0-301F-11D3-BF4B-00C04F79EFBC}") = "Admin", "Admin\Admin.csproj", "{D925C6FA-E862-4931-9437-7EF2843556E9}"
EndProject
Global
	GlobalSection(SolutionConfigurationPlatforms) = preSolution
		Debug|Any CPU = Debug|Any CPU
		Release|Any CPU = Release|Any CPU
	EndGlobalSection
	GlobalSection(ProjectConfigurationPlatforms) = postSolution
		{DD30193C-602D-4750-A2BC-4093014531A9}.Debug|Any CPU.ActiveCfg = Debug|Any CPU
		{DD30193C-602D-4750-A2BC-4093014531A9}.Debug|Any CPU.Build.0 = Debug|Any CPU
		{DD30193C-602D-4750-A2BC-4093014531A9}.Release|Any CPU.ActiveCfg = Release|Any CPU
		{DD30193C-602D-4750-A2BC-4093014531A9}.Release|Any CPU.Build.0 = Release|Any CPU
		{B199613C-73F4-43A0-949C-48BCFC7A9C4C}.Debug|Any CPU.ActiveCfg = Debug|Any CPU
		{B199613C-73F4-43A0-949C-48BCFC7A9C4C}.Debug|Any CPU.Build.0 = Debug|Any CPU
		{B199613C-73F4-43A0-949C-48BCFC7A9C4C}.Release|Any CPU.ActiveCfg = Release|Any CPU
		{B199613C-73F4-43A0-949C-48BCFC7A9C4C}.Release|Any CPU.Build.0 = Release|Any CPU
		{D925C6FA-E862-4931-9437-7EF2843556E9}.Debug|Any CPU.ActiveCfg = Debug|Any CPU
		{D925C6FA-E862-4931-9437-7EF2843556E9}.Debug|Any CPU.Build.0 = Debug|Any CPU
		{D925C6FA-E862-4931-9437-7EF2843556E9}.Release|Any CPU.ActiveCfg = Release|Any CPU
		{D925C6FA-E862-4931-9437-7EF2843556E9}.Release|Any CPU.Build.0 = Release|Any CPU
	EndGlobalSection
	GlobalSection(SolutionProperties) = preSolution
		HideSolutionNode = FALSE
	EndGlobalSection
	GlobalSection(ExtensibilityGlobals) = postSolution
		SolutionGuid = {76CF5D9F-A28F-4E67-9805-0A5DC711AF42}
	EndGlobalSection
EndGlobal
